
Microsoft Visual Studio Solution File, Format Version 12.00
# Visual Studio Version 17
VisualStudioVersion = 17.8.34330.188
MinimumVisualStudioVersion = 10.0.40219.1
Project("{2150E333-8FDC-42A3-9474-1A3956D46DE8}") = "src", "src", "{A10DDF6C-B62A-4DA6-8528-54A6684B486A}"
EndProject
Project("{9A19103F-16F7-4668-BE54-9A1E7A4F7556}") = "Tech.Challenge.Grupo27.API.Contato", "src\Tech.Challenge.Grupo27.API\Tech.Challenge.Grupo27.API.Contato.csproj", "{BB21C89F-7E60-4E6C-B497-353B2604BB02}"
	ProjectSection(ProjectDependencies) = postProject
		{5037909E-EFB0-4D68-B2F4-0317E2422958} = {5037909E-EFB0-4D68-B2F4-0317E2422958}
	EndProjectSection
EndProject
Project("{9A19103F-16F7-4668-BE54-9A1E7A4F7556}") = "Tech.Challenge.Grupo27.Application.API", "src\Tech.Challenge.Grupo27.Application\Tech.Challenge.Grupo27.Application.API.csproj", "{9657D768-6294-49DD-840F-F9336633307C}"
EndProject
Project("{9A19103F-16F7-4668-BE54-9A1E7A4F7556}") = "Tech.Challenge.Grupo27.Domain", "src\Tech.Challenge.Grupo27.Domain\Tech.Challenge.Grupo27.Domain.csproj", "{834DAA47-3AEC-427B-A820-4CA993364702}"
EndProject
Project("{9A19103F-16F7-4668-BE54-9A1E7A4F7556}") = "Tech.Challenge.Grupo27.Infrastructure", "src\Tech.Challenge.Grupo27.Infrastructure\Tech.Challenge.Grupo27.Infrastructure.csproj", "{13D9B92C-D7CB-477F-94A6-DF7716BD2EEF}"
EndProject
Project("{9A19103F-16F7-4668-BE54-9A1E7A4F7556}") = "Tech.Challenge.Grupo27.Common", "src\Tech.Challenge.Grupo27.Common\Tech.Challenge.Grupo27.Common.csproj", "{63714687-277C-4431-A6BE-151B81344914}"
EndProject
Project("{2150E333-8FDC-42A3-9474-1A3956D46DE8}") = "API", "API", "{7D7BE8C0-3EEF-486B-9F86-CBD9DCF8A571}"
EndProject
Project("{2150E333-8FDC-42A3-9474-1A3956D46DE8}") = "Application", "Application", "{232B1744-6B67-45D3-B08E-A213A53501A6}"
EndProject
Project("{2150E333-8FDC-42A3-9474-1A3956D46DE8}") = "Core", "Core", "{C33BE8EC-43B3-4871-98CE-4894896DA231}"
EndProject
Project("{2150E333-8FDC-42A3-9474-1A3956D46DE8}") = "Infrastructure", "Infrastructure", "{259F2F7A-6C53-4F2B-BE67-6050126A7C96}"
EndProject
Project("{2150E333-8FDC-42A3-9474-1A3956D46DE8}") = "Common", "Common", "{92A30D3F-4EBE-4E47-B49A-0E0B26BCDFF0}"
EndProject
Project("{9A19103F-16F7-4668-BE54-9A1E7A4F7556}") = "Tech.Challenge.Grupo27.Tests", "Tech.Challenge.Grupo27.Tests\Tech.Challenge.Grupo27.Tests.csproj", "{C31720FB-DE4D-452D-995B-28CD3098F9ED}"
EndProject
Project("{2150E333-8FDC-42A3-9474-1A3956D46DE8}") = "Tests", "Tests", "{5F19799F-E6E7-4425-9322-06C7BD295C14}"
EndProject
Project("{E53339B2-1760-4266-BCC7-CA923CBCF16C}") = "docker-compose", "docker-compose.dcproj", "{F40BB577-9875-4D29-BE69-997912922829}"
EndProject
Project("{9A19103F-16F7-4668-BE54-9A1E7A4F7556}") = "Tech.Challenge.Grupo27.API.Inserir.Contato", "src\Tech.Challenge.API.Inserir.Contato\Tech.Challenge.Grupo27.API.Inserir.Contato.csproj", "{D610EFEA-50EA-4B28-87EF-70E115AC843E}"
EndProject
Project("{9A19103F-16F7-4668-BE54-9A1E7A4F7556}") = "Tech.Challenge.Grupo27.Infrastructure.MessageBroker", "src\Tech.Challenge.Grupo27.Infrastructure.MessageBroker\Tech.Challenge.Grupo27.Infrastructure.MessageBroker.csproj", "{5037909E-EFB0-4D68-B2F4-0317E2422958}"
EndProject
Project("{9A19103F-16F7-4668-BE54-9A1E7A4F7556}") = "Tech.Challenge.Grupo27.Application.Worker", "src\Tech.Challenge.Grupo27.Application.Worker\Tech.Challenge.Grupo27.Application.Worker.csproj", "{138FAD37-7727-48FC-AD86-B87C09ADDEBE}"
EndProject
Project("{9A19103F-16F7-4668-BE54-9A1E7A4F7556}") = "Tech.Challenge.Grupo27.Worker", "src\Tech.Challenge.Grupo27.Worker\Tech.Challenge.Grupo27.Worker.csproj", "{AB589FA5-A143-4D6C-9F65-DD6953EF513E}"
EndProject
Project("{9A19103F-16F7-4668-BE54-9A1E7A4F7556}") = "Tech.Chanllenge.Grupo27.API.Delete.Contato", "src\Tech.Chanllenge.Grupo27.API.Delete.Contato\Tech.Chanllenge.Grupo27.API.Delete.Contato.csproj", "{F635DAE6-4ACD-41E4-99A1-96BC47D322D2}"
EndProject
Project("{FAE04EC0-301F-11D3-BF4B-00C04F79EFBC}") = "Tech.Chanllenge.Grupo27.API.Atualizar", "src\Tech.Chanllenge.Grupo27.API.Atualizar\Tech.Chanllenge.Grupo27.API.Atualizar.csproj", "{251F89CF-C0C4-4EAF-8282-BCE8C1C4E232}"
EndProject
Global
	GlobalSection(SolutionConfigurationPlatforms) = preSolution
		Debug|Any CPU = Debug|Any CPU
		Release|Any CPU = Release|Any CPU
	EndGlobalSection
	GlobalSection(ProjectConfigurationPlatforms) = postSolution
		{BB21C89F-7E60-4E6C-B497-353B2604BB02}.Debug|Any CPU.ActiveCfg = Debug|Any CPU
		{BB21C89F-7E60-4E6C-B497-353B2604BB02}.Debug|Any CPU.Build.0 = Debug|Any CPU
		{BB21C89F-7E60-4E6C-B497-353B2604BB02}.Release|Any CPU.ActiveCfg = Release|Any CPU
		{BB21C89F-7E60-4E6C-B497-353B2604BB02}.Release|Any CPU.Build.0 = Release|Any CPU
		{9657D768-6294-49DD-840F-F9336633307C}.Debug|Any CPU.ActiveCfg = Debug|Any CPU
		{9657D768-6294-49DD-840F-F9336633307C}.Debug|Any CPU.Build.0 = Debug|Any CPU
		{9657D768-6294-49DD-840F-F9336633307C}.Release|Any CPU.ActiveCfg = Release|Any CPU
		{9657D768-6294-49DD-840F-F9336633307C}.Release|Any CPU.Build.0 = Release|Any CPU
		{834DAA47-3AEC-427B-A820-4CA993364702}.Debug|Any CPU.ActiveCfg = Debug|Any CPU
		{834DAA47-3AEC-427B-A820-4CA993364702}.Debug|Any CPU.Build.0 = Debug|Any CPU
		{834DAA47-3AEC-427B-A820-4CA993364702}.Release|Any CPU.ActiveCfg = Release|Any CPU
		{834DAA47-3AEC-427B-A820-4CA993364702}.Release|Any CPU.Build.0 = Release|Any CPU
		{13D9B92C-D7CB-477F-94A6-DF7716BD2EEF}.Debug|Any CPU.ActiveCfg = Debug|Any CPU
		{13D9B92C-D7CB-477F-94A6-DF7716BD2EEF}.Debug|Any CPU.Build.0 = Debug|Any CPU
		{13D9B92C-D7CB-477F-94A6-DF7716BD2EEF}.Release|Any CPU.ActiveCfg = Release|Any CPU
		{13D9B92C-D7CB-477F-94A6-DF7716BD2EEF}.Release|Any CPU.Build.0 = Release|Any CPU
		{63714687-277C-4431-A6BE-151B81344914}.Debug|Any CPU.ActiveCfg = Debug|Any CPU
		{63714687-277C-4431-A6BE-151B81344914}.Debug|Any CPU.Build.0 = Debug|Any CPU
		{63714687-277C-4431-A6BE-151B81344914}.Release|Any CPU.ActiveCfg = Release|Any CPU
		{63714687-277C-4431-A6BE-151B81344914}.Release|Any CPU.Build.0 = Release|Any CPU
		{C31720FB-DE4D-452D-995B-28CD3098F9ED}.Debug|Any CPU.ActiveCfg = Debug|Any CPU
		{C31720FB-DE4D-452D-995B-28CD3098F9ED}.Debug|Any CPU.Build.0 = Debug|Any CPU
		{C31720FB-DE4D-452D-995B-28CD3098F9ED}.Release|Any CPU.ActiveCfg = Release|Any CPU
		{C31720FB-DE4D-452D-995B-28CD3098F9ED}.Release|Any CPU.Build.0 = Release|Any CPU
		{F40BB577-9875-4D29-BE69-997912922829}.Debug|Any CPU.ActiveCfg = Debug|Any CPU
		{F40BB577-9875-4D29-BE69-997912922829}.Debug|Any CPU.Build.0 = Debug|Any CPU
		{F40BB577-9875-4D29-BE69-997912922829}.Release|Any CPU.ActiveCfg = Release|Any CPU
		{F40BB577-9875-4D29-BE69-997912922829}.Release|Any CPU.Build.0 = Release|Any CPU
		{D610EFEA-50EA-4B28-87EF-70E115AC843E}.Debug|Any CPU.ActiveCfg = Debug|Any CPU
		{D610EFEA-50EA-4B28-87EF-70E115AC843E}.Debug|Any CPU.Build.0 = Debug|Any CPU
		{D610EFEA-50EA-4B28-87EF-70E115AC843E}.Release|Any CPU.ActiveCfg = Release|Any CPU
		{D610EFEA-50EA-4B28-87EF-70E115AC843E}.Release|Any CPU.Build.0 = Release|Any CPU
		{5037909E-EFB0-4D68-B2F4-0317E2422958}.Debug|Any CPU.ActiveCfg = Debug|Any CPU
		{5037909E-EFB0-4D68-B2F4-0317E2422958}.Debug|Any CPU.Build.0 = Debug|Any CPU
		{5037909E-EFB0-4D68-B2F4-0317E2422958}.Release|Any CPU.ActiveCfg = Release|Any CPU
		{5037909E-EFB0-4D68-B2F4-0317E2422958}.Release|Any CPU.Build.0 = Release|Any CPU
		{138FAD37-7727-48FC-AD86-B87C09ADDEBE}.Debug|Any CPU.ActiveCfg = Debug|Any CPU
		{138FAD37-7727-48FC-AD86-B87C09ADDEBE}.Debug|Any CPU.Build.0 = Debug|Any CPU
		{138FAD37-7727-48FC-AD86-B87C09ADDEBE}.Release|Any CPU.ActiveCfg = Release|Any CPU
		{138FAD37-7727-48FC-AD86-B87C09ADDEBE}.Release|Any CPU.Build.0 = Release|Any CPU
		{AB589FA5-A143-4D6C-9F65-DD6953EF513E}.Debug|Any CPU.ActiveCfg = Debug|Any CPU
		{AB589FA5-A143-4D6C-9F65-DD6953EF513E}.Debug|Any CPU.Build.0 = Debug|Any CPU
		{AB589FA5-A143-4D6C-9F65-DD6953EF513E}.Release|Any CPU.ActiveCfg = Release|Any CPU
		{AB589FA5-A143-4D6C-9F65-DD6953EF513E}.Release|Any CPU.Build.0 = Release|Any CPU
		{F635DAE6-4ACD-41E4-99A1-96BC47D322D2}.Debug|Any CPU.ActiveCfg = Debug|Any CPU
		{F635DAE6-4ACD-41E4-99A1-96BC47D322D2}.Debug|Any CPU.Build.0 = Debug|Any CPU
		{F635DAE6-4ACD-41E4-99A1-96BC47D322D2}.Release|Any CPU.ActiveCfg = Release|Any CPU
		{F635DAE6-4ACD-41E4-99A1-96BC47D322D2}.Release|Any CPU.Build.0 = Release|Any CPU
		{251F89CF-C0C4-4EAF-8282-BCE8C1C4E232}.Debug|Any CPU.ActiveCfg = Debug|Any CPU
		{251F89CF-C0C4-4EAF-8282-BCE8C1C4E232}.Debug|Any CPU.Build.0 = Debug|Any CPU
		{251F89CF-C0C4-4EAF-8282-BCE8C1C4E232}.Release|Any CPU.ActiveCfg = Release|Any CPU
		{251F89CF-C0C4-4EAF-8282-BCE8C1C4E232}.Release|Any CPU.Build.0 = Release|Any CPU
	EndGlobalSection
	GlobalSection(SolutionProperties) = preSolution
		HideSolutionNode = FALSE
	EndGlobalSection
	GlobalSection(NestedProjects) = preSolution
		{BB21C89F-7E60-4E6C-B497-353B2604BB02} = {7D7BE8C0-3EEF-486B-9F86-CBD9DCF8A571}
		{9657D768-6294-49DD-840F-F9336633307C} = {232B1744-6B67-45D3-B08E-A213A53501A6}
		{834DAA47-3AEC-427B-A820-4CA993364702} = {C33BE8EC-43B3-4871-98CE-4894896DA231}
		{13D9B92C-D7CB-477F-94A6-DF7716BD2EEF} = {259F2F7A-6C53-4F2B-BE67-6050126A7C96}
		{63714687-277C-4431-A6BE-151B81344914} = {92A30D3F-4EBE-4E47-B49A-0E0B26BCDFF0}
		{7D7BE8C0-3EEF-486B-9F86-CBD9DCF8A571} = {A10DDF6C-B62A-4DA6-8528-54A6684B486A}
		{232B1744-6B67-45D3-B08E-A213A53501A6} = {A10DDF6C-B62A-4DA6-8528-54A6684B486A}
		{C33BE8EC-43B3-4871-98CE-4894896DA231} = {A10DDF6C-B62A-4DA6-8528-54A6684B486A}
		{259F2F7A-6C53-4F2B-BE67-6050126A7C96} = {A10DDF6C-B62A-4DA6-8528-54A6684B486A}
		{92A30D3F-4EBE-4E47-B49A-0E0B26BCDFF0} = {A10DDF6C-B62A-4DA6-8528-54A6684B486A}
		{C31720FB-DE4D-452D-995B-28CD3098F9ED} = {5F19799F-E6E7-4425-9322-06C7BD295C14}
		{D610EFEA-50EA-4B28-87EF-70E115AC843E} = {7D7BE8C0-3EEF-486B-9F86-CBD9DCF8A571}
		{5037909E-EFB0-4D68-B2F4-0317E2422958} = {259F2F7A-6C53-4F2B-BE67-6050126A7C96}
		{138FAD37-7727-48FC-AD86-B87C09ADDEBE} = {232B1744-6B67-45D3-B08E-A213A53501A6}
		{AB589FA5-A143-4D6C-9F65-DD6953EF513E} = {7D7BE8C0-3EEF-486B-9F86-CBD9DCF8A571}
		{F635DAE6-4ACD-41E4-99A1-96BC47D322D2} = {7D7BE8C0-3EEF-486B-9F86-CBD9DCF8A571}
		{251F89CF-C0C4-4EAF-8282-BCE8C1C4E232} = {7D7BE8C0-3EEF-486B-9F86-CBD9DCF8A571}
	EndGlobalSection
	GlobalSection(ExtensibilityGlobals) = postSolution
		SolutionGuid = {EF2B9DB3-F1CF-4CB2-A303-C87A4B1EAEB3}
	EndGlobalSection
EndGlobal
