Microsoft Visual Studio Solution File, Format Version 12.00
# Visual Studio Version 17
VisualStudioVersion = 17.5.2.0
MinimumVisualStudioVersion = 10.0.40219.1
Project("{FAE04EC0-301F-11D3-BF4B-00C04F79EFBC}") = "Tech.Challenge.Grupo27.Worker", "Tech.Challenge.Grupo27.Worker.csproj", "{F83F3D40-1E8E-7F64-A433-BF1F71A22929}"
EndProject
Global
	GlobalSection(SolutionConfigurationPlatforms) = preSolution
		Debug|Any CPU = Debug|Any CPU
		Release|Any CPU = Release|Any CPU
	EndGlobalSection
	GlobalSection(ProjectConfigurationPlatforms) = postSolution
		{F83F3D40-1E8E-7F64-A433-BF1F71A22929}.Debug|Any CPU.ActiveCfg = Debug|Any CPU
		{F83F3D40-1E8E-7F64-A433-BF1F71A22929}.Debug|Any CPU.Build.0 = Debug|Any CPU
		{F83F3D40-1E8E-7F64-A433-BF1F71A22929}.Release|Any CPU.ActiveCfg = Release|Any CPU
		{F83F3D40-1E8E-7F64-A433-BF1F71A22929}.Release|Any CPU.Build.0 = Release|Any CPU
	EndGlobalSection
	GlobalSection(SolutionProperties) = preSolution
		HideSolutionNode = FALSE
	EndGlobalSection
	GlobalSection(ExtensibilityGlobals) = postSolution
		SolutionGuid = {597B2ED7-379B-4DAC-B4B1-F138DB588852}
	EndGlobalSection
EndGlobal
